// !$*UTF8*$!
{
	archiveVersion = 1;
	classes = {
	};
	objectVersion = 51;
	objects = {

/* Begin PBXBuildFile section */
		0C620FC62300770CB1791372 /* Pods_PoloTravelTests.framework in Frameworks */ = {isa = PBXBuildFile; fileRef = 30138E37B599E0D360ADEA20 /* Pods_PoloTravelTests.framework */; };
		0F1B4D91245C485400CF759D /* SignIn.storyboard in Resources */ = {isa = PBXBuildFile; fileRef = 0F1B4D90245C485400CF759D /* SignIn.storyboard */; };
		0F8CD562245387D200DB2DAC /* TextBlock.swift in Sources */ = {isa = PBXBuildFile; fileRef = 0F8CD561245387D200DB2DAC /* TextBlock.swift */; };
		0FE90B1E2456E3BA00E6D51C /* Step1TravelCreationViewController.swift in Sources */ = {isa = PBXBuildFile; fileRef = 0FE90B1D2456E3BA00E6D51C /* Step1TravelCreationViewController.swift */; };
		13B71F03E42A57D07F97BE17 /* Pods_PoloTravel.framework in Frameworks */ = {isa = PBXBuildFile; fileRef = 20B3B4817BFFF1D3E7594A64 /* Pods_PoloTravel.framework */; };
		7B167694245309A1008A464B /* PolowersImagesService.swift in Sources */ = {isa = PBXBuildFile; fileRef = 7B167693245309A1008A464B /* PolowersImagesService.swift */; };
		7B3B45BE244BA7E900CD00D4 /* ProfileViewController.swift in Sources */ = {isa = PBXBuildFile; fileRef = 7B3B45BD244BA7E900CD00D4 /* ProfileViewController.swift */; };
		7B3B45C2244BA94300CD00D4 /* TravelsViewController.swift in Sources */ = {isa = PBXBuildFile; fileRef = 7B3B45C1244BA94300CD00D4 /* TravelsViewController.swift */; };
		7B3B45C4244BA95800CD00D4 /* PolowersViewController.swift in Sources */ = {isa = PBXBuildFile; fileRef = 7B3B45C3244BA95800CD00D4 /* PolowersViewController.swift */; };
		7B3B45CB244C4E7700CD00D4 /* Profile.storyboard in Resources */ = {isa = PBXBuildFile; fileRef = 7B3B45CA244C4E7700CD00D4 /* Profile.storyboard */; };
		7B3B45CD244C502A00CD00D4 /* Polowers.storyboard in Resources */ = {isa = PBXBuildFile; fileRef = 7B3B45CC244C502A00CD00D4 /* Polowers.storyboard */; };
		7B3B45CF244C503900CD00D4 /* Travels.storyboard in Resources */ = {isa = PBXBuildFile; fileRef = 7B3B45CE244C503900CD00D4 /* Travels.storyboard */; };
		7B3B45D1244C551500CD00D4 /* Main.storyboard in Resources */ = {isa = PBXBuildFile; fileRef = 7B3B45D0244C551500CD00D4 /* Main.storyboard */; };
		7B3B45D4244C598800CD00D4 /* PolowersAddPhotoViewController.swift in Sources */ = {isa = PBXBuildFile; fileRef = 7B3B45D3244C598800CD00D4 /* PolowersAddPhotoViewController.swift */; };
		7B3B45D6244C59B000CD00D4 /* PolowersAddActivity.swift in Sources */ = {isa = PBXBuildFile; fileRef = 7B3B45D5244C59B000CD00D4 /* PolowersAddActivity.swift */; };
		7B3B45D8244C5BE700CD00D4 /* ProfileTravelHistoryViewController.swift in Sources */ = {isa = PBXBuildFile; fileRef = 7B3B45D7244C5BE700CD00D4 /* ProfileTravelHistoryViewController.swift */; };
		7B3B45DA244C5C8200CD00D4 /* TravelsNextTravelViewController.swift in Sources */ = {isa = PBXBuildFile; fileRef = 7B3B45D9244C5C8200CD00D4 /* TravelsNextTravelViewController.swift */; };
		7B3B45DF244D75E600CD00D4 /* AuthentificationService.swift in Sources */ = {isa = PBXBuildFile; fileRef = 7B3B45DE244D75E500CD00D4 /* AuthentificationService.swift */; };
		7B4990EE245C08D80095EA20 /* User.swift in Sources */ = {isa = PBXBuildFile; fileRef = 7B4990ED245C08D80095EA20 /* User.swift */; };
		7B4990F0245C5F860095EA20 /* PolowersFeedService.swift in Sources */ = {isa = PBXBuildFile; fileRef = 7B4990EF245C5F860095EA20 /* PolowersFeedService.swift */; };
		7B4F4F3524518A18000CFB75 /* PolowersCollectionViewCell.swift in Sources */ = {isa = PBXBuildFile; fileRef = 7B4F4F3424518A18000CFB75 /* PolowersCollectionViewCell.swift */; };
		7B4F4F3824518F42000CFB75 /* Photo.swift in Sources */ = {isa = PBXBuildFile; fileRef = 7B4F4F3724518F42000CFB75 /* Photo.swift */; };
		7B4F4F3B2451A393000CFB75 /* ImageExtension.swift in Sources */ = {isa = PBXBuildFile; fileRef = 7B4F4F3A2451A393000CFB75 /* ImageExtension.swift */; };
		7BCDA4E0243DF94100E9C4B6 /* AppDelegate.swift in Sources */ = {isa = PBXBuildFile; fileRef = 7BCDA4DF243DF94100E9C4B6 /* AppDelegate.swift */; };
		7BCDA4E2243DF94100E9C4B6 /* SceneDelegate.swift in Sources */ = {isa = PBXBuildFile; fileRef = 7BCDA4E1243DF94100E9C4B6 /* SceneDelegate.swift */; };
		7BCDA4E4243DF94100E9C4B6 /* ViewController.swift in Sources */ = {isa = PBXBuildFile; fileRef = 7BCDA4E3243DF94100E9C4B6 /* ViewController.swift */; };
		7BCDA4E9243DF94300E9C4B6 /* Assets.xcassets in Resources */ = {isa = PBXBuildFile; fileRef = 7BCDA4E8243DF94300E9C4B6 /* Assets.xcassets */; };
		7BCDA4EC243DF94300E9C4B6 /* LaunchScreen.storyboard in Resources */ = {isa = PBXBuildFile; fileRef = 7BCDA4EA243DF94300E9C4B6 /* LaunchScreen.storyboard */; };
		7BCDA4F7243DF94300E9C4B6 /* PoloTravelTests.swift in Sources */ = {isa = PBXBuildFile; fileRef = 7BCDA4F6243DF94300E9C4B6 /* PoloTravelTests.swift */; };
		7BD538DD2449BB0F00AD9CB3 /* ColorConstants.swift in Sources */ = {isa = PBXBuildFile; fileRef = 7BD538DC2449BB0F00AD9CB3 /* ColorConstants.swift */; };
		7BD538EE2449E9AA00AD9CB3 /* Gilroy-Medium.ttf in Resources */ = {isa = PBXBuildFile; fileRef = 7BD538EC2449E9AA00AD9CB3 /* Gilroy-Medium.ttf */; };
		7BD538EF2449E9AA00AD9CB3 /* Gilroy-Bold.ttf in Resources */ = {isa = PBXBuildFile; fileRef = 7BD538ED2449E9AA00AD9CB3 /* Gilroy-Bold.ttf */; };
		7BD538F32449ED3B00AD9CB3 /* SignUpViewController.swift in Sources */ = {isa = PBXBuildFile; fileRef = 7BD538F22449ED3B00AD9CB3 /* SignUpViewController.swift */; };
		7BD538F62449F48A00AD9CB3 /* OnBoarding1ViewController.swift in Sources */ = {isa = PBXBuildFile; fileRef = 7BD538F52449F48A00AD9CB3 /* OnBoarding1ViewController.swift */; };
		7BD538F82449F4A600AD9CB3 /* OnBoarding2ViewController.swift in Sources */ = {isa = PBXBuildFile; fileRef = 7BD538F72449F4A600AD9CB3 /* OnBoarding2ViewController.swift */; };
		7BD538FA2449F4B100AD9CB3 /* OnBoarding3ViewController..swift in Sources */ = {isa = PBXBuildFile; fileRef = 7BD538F92449F4B100AD9CB3 /* OnBoarding3ViewController..swift */; };
		7BD538FC2449F4BB00AD9CB3 /* OnBoarding4ViewController..swift in Sources */ = {isa = PBXBuildFile; fileRef = 7BD538FB2449F4BB00AD9CB3 /* OnBoarding4ViewController..swift */; };
		7BD538FE2449F4C900AD9CB3 /* OnBoarding5ViewController..swift in Sources */ = {isa = PBXBuildFile; fileRef = 7BD538FD2449F4C900AD9CB3 /* OnBoarding5ViewController..swift */; };
		7BD53902244B008700AD9CB3 /* SignInViewController.swift in Sources */ = {isa = PBXBuildFile; fileRef = 7BD53901244B008700AD9CB3 /* SignInViewController.swift */; };
		7BD53907244B059200AD9CB3 /* OnBoarding.storyboard in Resources */ = {isa = PBXBuildFile; fileRef = 7BD53906244B059200AD9CB3 /* OnBoarding.storyboard */; };
		7BD53909244B1F4900AD9CB3 /* TravelCreation.storyboard in Resources */ = {isa = PBXBuildFile; fileRef = 7BD53908244B1F4900AD9CB3 /* TravelCreation.storyboard */; };
		7BD5390C244B1FC300AD9CB3 /* TravelCreation1ViewController.swift in Sources */ = {isa = PBXBuildFile; fileRef = 7BD5390B244B1FC300AD9CB3 /* TravelCreation1ViewController.swift */; };
		7BFECF1F2455A65400F5096C /* BasicButton.swift in Sources */ = {isa = PBXBuildFile; fileRef = 7BFECF1E2455A65400F5096C /* BasicButton.swift */; };
		7BFECF232455A88F00F5096C /* GoogleService-Info.plist in Resources */ = {isa = PBXBuildFile; fileRef = 7BFECF222455A88F00F5096C /* GoogleService-Info.plist */; };
		7BFECF252456CFE800F5096C /* OnBoardingPageViewController.swift in Sources */ = {isa = PBXBuildFile; fileRef = 7BFECF242456CFE800F5096C /* OnBoardingPageViewController.swift */; };
		7BFECF2B2456E23300F5096C /* OnBoardingMainViewController.swift in Sources */ = {isa = PBXBuildFile; fileRef = 7BFECF2A2456E23300F5096C /* OnBoardingMainViewController.swift */; };
/* End PBXBuildFile section */

/* Begin PBXContainerItemProxy section */
		7BCDA4F3243DF94300E9C4B6 /* PBXContainerItemProxy */ = {
			isa = PBXContainerItemProxy;
			containerPortal = 7BCDA4D4243DF94100E9C4B6 /* Project object */;
			proxyType = 1;
			remoteGlobalIDString = 7BCDA4DB243DF94100E9C4B6;
			remoteInfo = PoloTravel;
		};
/* End PBXContainerItemProxy section */

/* Begin PBXFileReference section */
		0F1B4D90245C485400CF759D /* SignIn.storyboard */ = {isa = PBXFileReference; lastKnownFileType = file.storyboard; path = SignIn.storyboard; sourceTree = "<group>"; };
		0F8CD561245387D200DB2DAC /* TextBlock.swift */ = {isa = PBXFileReference; lastKnownFileType = sourcecode.swift; path = TextBlock.swift; sourceTree = "<group>"; };
		0FE90B1D2456E3BA00E6D51C /* Step1TravelCreationViewController.swift */ = {isa = PBXFileReference; lastKnownFileType = sourcecode.swift; path = Step1TravelCreationViewController.swift; sourceTree = "<group>"; };
		20B3B4817BFFF1D3E7594A64 /* Pods_PoloTravel.framework */ = {isa = PBXFileReference; explicitFileType = wrapper.framework; includeInIndex = 0; path = Pods_PoloTravel.framework; sourceTree = BUILT_PRODUCTS_DIR; };
		30138E37B599E0D360ADEA20 /* Pods_PoloTravelTests.framework */ = {isa = PBXFileReference; explicitFileType = wrapper.framework; includeInIndex = 0; path = Pods_PoloTravelTests.framework; sourceTree = BUILT_PRODUCTS_DIR; };
		580F27B421CCFE465C3FC5B3 /* Pods-PoloTravelTests.debug.xcconfig */ = {isa = PBXFileReference; includeInIndex = 1; lastKnownFileType = text.xcconfig; name = "Pods-PoloTravelTests.debug.xcconfig"; path = "Target Support Files/Pods-PoloTravelTests/Pods-PoloTravelTests.debug.xcconfig"; sourceTree = "<group>"; };
		7B167693245309A1008A464B /* PolowersImagesService.swift */ = {isa = PBXFileReference; lastKnownFileType = sourcecode.swift; path = PolowersImagesService.swift; sourceTree = "<group>"; };
		7B267C73243E6A8700C35032 /* README.md */ = {isa = PBXFileReference; lastKnownFileType = net.daringfireball.markdown; path = README.md; sourceTree = "<group>"; };
		7B3B45BD244BA7E900CD00D4 /* ProfileViewController.swift */ = {isa = PBXFileReference; lastKnownFileType = sourcecode.swift; path = ProfileViewController.swift; sourceTree = "<group>"; };
		7B3B45C1244BA94300CD00D4 /* TravelsViewController.swift */ = {isa = PBXFileReference; lastKnownFileType = sourcecode.swift; path = TravelsViewController.swift; sourceTree = "<group>"; };
		7B3B45C3244BA95800CD00D4 /* PolowersViewController.swift */ = {isa = PBXFileReference; lastKnownFileType = sourcecode.swift; path = PolowersViewController.swift; sourceTree = "<group>"; };
		7B3B45CA244C4E7700CD00D4 /* Profile.storyboard */ = {isa = PBXFileReference; lastKnownFileType = file.storyboard; path = Profile.storyboard; sourceTree = "<group>"; };
		7B3B45CC244C502A00CD00D4 /* Polowers.storyboard */ = {isa = PBXFileReference; lastKnownFileType = file.storyboard; path = Polowers.storyboard; sourceTree = "<group>"; };
		7B3B45CE244C503900CD00D4 /* Travels.storyboard */ = {isa = PBXFileReference; lastKnownFileType = file.storyboard; path = Travels.storyboard; sourceTree = "<group>"; };
		7B3B45D0244C551500CD00D4 /* Main.storyboard */ = {isa = PBXFileReference; lastKnownFileType = file.storyboard; path = Main.storyboard; sourceTree = "<group>"; };
		7B3B45D3244C598800CD00D4 /* PolowersAddPhotoViewController.swift */ = {isa = PBXFileReference; lastKnownFileType = sourcecode.swift; path = PolowersAddPhotoViewController.swift; sourceTree = "<group>"; };
		7B3B45D5244C59B000CD00D4 /* PolowersAddActivity.swift */ = {isa = PBXFileReference; lastKnownFileType = sourcecode.swift; path = PolowersAddActivity.swift; sourceTree = "<group>"; };
		7B3B45D7244C5BE700CD00D4 /* ProfileTravelHistoryViewController.swift */ = {isa = PBXFileReference; lastKnownFileType = sourcecode.swift; path = ProfileTravelHistoryViewController.swift; sourceTree = "<group>"; };
		7B3B45D9244C5C8200CD00D4 /* TravelsNextTravelViewController.swift */ = {isa = PBXFileReference; lastKnownFileType = sourcecode.swift; path = TravelsNextTravelViewController.swift; sourceTree = "<group>"; };
		7B3B45DE244D75E500CD00D4 /* AuthentificationService.swift */ = {isa = PBXFileReference; lastKnownFileType = sourcecode.swift; path = AuthentificationService.swift; sourceTree = "<group>"; };
		7B4990ED245C08D80095EA20 /* User.swift */ = {isa = PBXFileReference; lastKnownFileType = sourcecode.swift; path = User.swift; sourceTree = "<group>"; };
		7B4990EF245C5F860095EA20 /* PolowersFeedService.swift */ = {isa = PBXFileReference; lastKnownFileType = sourcecode.swift; path = PolowersFeedService.swift; sourceTree = "<group>"; };
		7B4F4F3424518A18000CFB75 /* PolowersCollectionViewCell.swift */ = {isa = PBXFileReference; lastKnownFileType = sourcecode.swift; path = PolowersCollectionViewCell.swift; sourceTree = "<group>"; };
		7B4F4F3724518F42000CFB75 /* Photo.swift */ = {isa = PBXFileReference; lastKnownFileType = sourcecode.swift; path = Photo.swift; sourceTree = "<group>"; };
		7B4F4F3A2451A393000CFB75 /* ImageExtension.swift */ = {isa = PBXFileReference; lastKnownFileType = sourcecode.swift; path = ImageExtension.swift; sourceTree = "<group>"; };
		7BCDA4DC243DF94100E9C4B6 /* PoloTravel.app */ = {isa = PBXFileReference; explicitFileType = wrapper.application; includeInIndex = 0; path = PoloTravel.app; sourceTree = BUILT_PRODUCTS_DIR; };
		7BCDA4DF243DF94100E9C4B6 /* AppDelegate.swift */ = {isa = PBXFileReference; lastKnownFileType = sourcecode.swift; path = AppDelegate.swift; sourceTree = "<group>"; };
		7BCDA4E1243DF94100E9C4B6 /* SceneDelegate.swift */ = {isa = PBXFileReference; lastKnownFileType = sourcecode.swift; path = SceneDelegate.swift; sourceTree = "<group>"; };
		7BCDA4E3243DF94100E9C4B6 /* ViewController.swift */ = {isa = PBXFileReference; lastKnownFileType = sourcecode.swift; path = ViewController.swift; sourceTree = "<group>"; };
		7BCDA4E8243DF94300E9C4B6 /* Assets.xcassets */ = {isa = PBXFileReference; lastKnownFileType = folder.assetcatalog; path = Assets.xcassets; sourceTree = "<group>"; };
		7BCDA4EB243DF94300E9C4B6 /* Base */ = {isa = PBXFileReference; lastKnownFileType = file.storyboard; name = Base; path = Base.lproj/LaunchScreen.storyboard; sourceTree = "<group>"; };
		7BCDA4ED243DF94300E9C4B6 /* Info.plist */ = {isa = PBXFileReference; lastKnownFileType = text.plist.xml; path = Info.plist; sourceTree = "<group>"; };
		7BCDA4F2243DF94300E9C4B6 /* PoloTravelTests.xctest */ = {isa = PBXFileReference; explicitFileType = wrapper.cfbundle; includeInIndex = 0; path = PoloTravelTests.xctest; sourceTree = BUILT_PRODUCTS_DIR; };
		7BCDA4F6243DF94300E9C4B6 /* PoloTravelTests.swift */ = {isa = PBXFileReference; lastKnownFileType = sourcecode.swift; path = PoloTravelTests.swift; sourceTree = "<group>"; };
		7BCDA4F8243DF94300E9C4B6 /* Info.plist */ = {isa = PBXFileReference; lastKnownFileType = text.plist.xml; path = Info.plist; sourceTree = "<group>"; };
		7BD538DC2449BB0F00AD9CB3 /* ColorConstants.swift */ = {isa = PBXFileReference; lastKnownFileType = sourcecode.swift; path = ColorConstants.swift; sourceTree = "<group>"; };
		7BD538EC2449E9AA00AD9CB3 /* Gilroy-Medium.ttf */ = {isa = PBXFileReference; lastKnownFileType = file; path = "Gilroy-Medium.ttf"; sourceTree = "<group>"; };
		7BD538ED2449E9AA00AD9CB3 /* Gilroy-Bold.ttf */ = {isa = PBXFileReference; lastKnownFileType = file; path = "Gilroy-Bold.ttf"; sourceTree = "<group>"; };
		7BD538F22449ED3B00AD9CB3 /* SignUpViewController.swift */ = {isa = PBXFileReference; lastKnownFileType = sourcecode.swift; path = SignUpViewController.swift; sourceTree = "<group>"; };
		7BD538F52449F48A00AD9CB3 /* OnBoarding1ViewController.swift */ = {isa = PBXFileReference; lastKnownFileType = sourcecode.swift; path = OnBoarding1ViewController.swift; sourceTree = "<group>"; };
		7BD538F72449F4A600AD9CB3 /* OnBoarding2ViewController.swift */ = {isa = PBXFileReference; lastKnownFileType = sourcecode.swift; path = OnBoarding2ViewController.swift; sourceTree = "<group>"; };
		7BD538F92449F4B100AD9CB3 /* OnBoarding3ViewController..swift */ = {isa = PBXFileReference; lastKnownFileType = sourcecode.swift; path = OnBoarding3ViewController..swift; sourceTree = "<group>"; };
		7BD538FB2449F4BB00AD9CB3 /* OnBoarding4ViewController..swift */ = {isa = PBXFileReference; lastKnownFileType = sourcecode.swift; path = OnBoarding4ViewController..swift; sourceTree = "<group>"; };
		7BD538FD2449F4C900AD9CB3 /* OnBoarding5ViewController..swift */ = {isa = PBXFileReference; lastKnownFileType = sourcecode.swift; path = OnBoarding5ViewController..swift; sourceTree = "<group>"; };
		7BD53901244B008700AD9CB3 /* SignInViewController.swift */ = {isa = PBXFileReference; lastKnownFileType = sourcecode.swift; path = SignInViewController.swift; sourceTree = "<group>"; };
		7BD53906244B059200AD9CB3 /* OnBoarding.storyboard */ = {isa = PBXFileReference; lastKnownFileType = file.storyboard; path = OnBoarding.storyboard; sourceTree = "<group>"; };
		7BD53908244B1F4900AD9CB3 /* TravelCreation.storyboard */ = {isa = PBXFileReference; lastKnownFileType = file.storyboard; path = TravelCreation.storyboard; sourceTree = "<group>"; };
		7BD5390B244B1FC300AD9CB3 /* TravelCreation1ViewController.swift */ = {isa = PBXFileReference; lastKnownFileType = sourcecode.swift; path = TravelCreation1ViewController.swift; sourceTree = "<group>"; };
		7BFECF1E2455A65400F5096C /* BasicButton.swift */ = {isa = PBXFileReference; lastKnownFileType = sourcecode.swift; path = BasicButton.swift; sourceTree = "<group>"; };
		7BFECF222455A88F00F5096C /* GoogleService-Info.plist */ = {isa = PBXFileReference; fileEncoding = 4; lastKnownFileType = text.plist.xml; path = "GoogleService-Info.plist"; sourceTree = "<group>"; };
		7BFECF242456CFE800F5096C /* OnBoardingPageViewController.swift */ = {isa = PBXFileReference; lastKnownFileType = sourcecode.swift; path = OnBoardingPageViewController.swift; sourceTree = "<group>"; };
		7BFECF2A2456E23300F5096C /* OnBoardingMainViewController.swift */ = {isa = PBXFileReference; lastKnownFileType = sourcecode.swift; path = OnBoardingMainViewController.swift; sourceTree = "<group>"; };
		BC401F2D41B8D63FD49CC572 /* Pods-PoloTravel.release.xcconfig */ = {isa = PBXFileReference; includeInIndex = 1; lastKnownFileType = text.xcconfig; name = "Pods-PoloTravel.release.xcconfig"; path = "Target Support Files/Pods-PoloTravel/Pods-PoloTravel.release.xcconfig"; sourceTree = "<group>"; };
		D9C97D5B5D545292F277E973 /* Pods-PoloTravel.debug.xcconfig */ = {isa = PBXFileReference; includeInIndex = 1; lastKnownFileType = text.xcconfig; name = "Pods-PoloTravel.debug.xcconfig"; path = "Target Support Files/Pods-PoloTravel/Pods-PoloTravel.debug.xcconfig"; sourceTree = "<group>"; };
		FB0E3DB6CC32C7391168F535 /* Pods-PoloTravelTests.release.xcconfig */ = {isa = PBXFileReference; includeInIndex = 1; lastKnownFileType = text.xcconfig; name = "Pods-PoloTravelTests.release.xcconfig"; path = "Target Support Files/Pods-PoloTravelTests/Pods-PoloTravelTests.release.xcconfig"; sourceTree = "<group>"; };
/* End PBXFileReference section */

/* Begin PBXFrameworksBuildPhase section */
		7BCDA4D9243DF94100E9C4B6 /* Frameworks */ = {
			isa = PBXFrameworksBuildPhase;
			buildActionMask = 2147483647;
			files = (
				13B71F03E42A57D07F97BE17 /* Pods_PoloTravel.framework in Frameworks */,
			);
			runOnlyForDeploymentPostprocessing = 0;
		};
		7BCDA4EF243DF94300E9C4B6 /* Frameworks */ = {
			isa = PBXFrameworksBuildPhase;
			buildActionMask = 2147483647;
			files = (
				0C620FC62300770CB1791372 /* Pods_PoloTravelTests.framework in Frameworks */,
			);
			runOnlyForDeploymentPostprocessing = 0;
		};
/* End PBXFrameworksBuildPhase section */

/* Begin PBXGroup section */
		0C2291390ECDB98024388028 /* Pods */ = {
			isa = PBXGroup;
			children = (
				D9C97D5B5D545292F277E973 /* Pods-PoloTravel.debug.xcconfig */,
				BC401F2D41B8D63FD49CC572 /* Pods-PoloTravel.release.xcconfig */,
				580F27B421CCFE465C3FC5B3 /* Pods-PoloTravelTests.debug.xcconfig */,
				FB0E3DB6CC32C7391168F535 /* Pods-PoloTravelTests.release.xcconfig */,
			);
			path = Pods;
			sourceTree = "<group>";
		};
		0F8CD5602453879E00DB2DAC /* Blocks */ = {
			isa = PBXGroup;
			children = (
				0F8CD561245387D200DB2DAC /* TextBlock.swift */,
			);
			path = Blocks;
			sourceTree = "<group>";
		};
		4E86B5A0ABEFA8A145D66E66 /* Frameworks */ = {
			isa = PBXGroup;
			children = (
				20B3B4817BFFF1D3E7594A64 /* Pods_PoloTravel.framework */,
				30138E37B599E0D360ADEA20 /* Pods_PoloTravelTests.framework */,
			);
			name = Frameworks;
			sourceTree = "<group>";
		};
		7B2E5BB5244D8C7B00DBD221 /* Model */ = {
			isa = PBXGroup;
			children = (
				7B4F4F3724518F42000CFB75 /* Photo.swift */,
				7B4990ED245C08D80095EA20 /* User.swift */,
			);
			path = Model;
			sourceTree = "<group>";
		};
		7B3B45B9244BA55000CD00D4 /* MainViewControllers */ = {
			isa = PBXGroup;
			children = (
				7B3B45C0244BA92700CD00D4 /* PolowersViewControllers */,
				7B3B45BC244BA7D700CD00D4 /* ProfileViewControllers */,
				7B3B45BF244BA91D00CD00D4 /* TravelsViewControllers */,
			);
			path = MainViewControllers;
			sourceTree = "<group>";
		};
		7B3B45BC244BA7D700CD00D4 /* ProfileViewControllers */ = {
			isa = PBXGroup;
			children = (
				7B3B45BD244BA7E900CD00D4 /* ProfileViewController.swift */,
				7B3B45D7244C5BE700CD00D4 /* ProfileTravelHistoryViewController.swift */,
			);
			path = ProfileViewControllers;
			sourceTree = "<group>";
		};
		7B3B45BF244BA91D00CD00D4 /* TravelsViewControllers */ = {
			isa = PBXGroup;
			children = (
				7B3B45C1244BA94300CD00D4 /* TravelsViewController.swift */,
				7B3B45D9244C5C8200CD00D4 /* TravelsNextTravelViewController.swift */,
			);
			path = TravelsViewControllers;
			sourceTree = "<group>";
		};
		7B3B45C0244BA92700CD00D4 /* PolowersViewControllers */ = {
			isa = PBXGroup;
			children = (
				7B3B45C3244BA95800CD00D4 /* PolowersViewController.swift */,
				7B3B45D3244C598800CD00D4 /* PolowersAddPhotoViewController.swift */,
				7B3B45D5244C59B000CD00D4 /* PolowersAddActivity.swift */,
				7B4F4F3424518A18000CFB75 /* PolowersCollectionViewCell.swift */,
			);
			path = PolowersViewControllers;
			sourceTree = "<group>";
		};
		7B3B45D2244C55EC00CD00D4 /* MainStoryboards */ = {
			isa = PBXGroup;
			children = (
				7B3B45D0244C551500CD00D4 /* Main.storyboard */,
				7B3B45CA244C4E7700CD00D4 /* Profile.storyboard */,
				7B3B45CC244C502A00CD00D4 /* Polowers.storyboard */,
				7B3B45CE244C503900CD00D4 /* Travels.storyboard */,
			);
			path = MainStoryboards;
			sourceTree = "<group>";
		};
		7B3B45DD244D73C300CD00D4 /* Services */ = {
			isa = PBXGroup;
			children = (
				7B3B45DE244D75E500CD00D4 /* AuthentificationService.swift */,
				7B167693245309A1008A464B /* PolowersImagesService.swift */,
				7B4990EF245C5F860095EA20 /* PolowersFeedService.swift */,
			);
			path = Services;
			sourceTree = "<group>";
		};
		7BCDA4D3243DF94100E9C4B6 = {
			isa = PBXGroup;
			children = (
				7B267C73243E6A8700C35032 /* README.md */,
				7BCDA4DE243DF94100E9C4B6 /* PoloTravel */,
				7BCDA4F5243DF94300E9C4B6 /* PoloTravelTests */,
				7BCDA4DD243DF94100E9C4B6 /* Products */,
				0C2291390ECDB98024388028 /* Pods */,
				4E86B5A0ABEFA8A145D66E66 /* Frameworks */,
			);
			sourceTree = "<group>";
		};
		7BCDA4DD243DF94100E9C4B6 /* Products */ = {
			isa = PBXGroup;
			children = (
				7BCDA4DC243DF94100E9C4B6 /* PoloTravel.app */,
				7BCDA4F2243DF94300E9C4B6 /* PoloTravelTests.xctest */,
			);
			name = Products;
			sourceTree = "<group>";
		};
		7BCDA4DE243DF94100E9C4B6 /* PoloTravel */ = {
			isa = PBXGroup;
			children = (
				7B2E5BB5244D8C7B00DBD221 /* Model */,
				7BCDA508243E08DB00E9C4B6 /* Extensions */,
				7BCDA509243E08E500E9C4B6 /* Protocols */,
				7B3B45DD244D73C300CD00D4 /* Services */,
				7BCDA50C243E090600E9C4B6 /* SupportingFiles */,
				7BD538DF2449C18C00AD9CB3 /* UIFiles */,
				7BCDA50B243E08F800E9C4B6 /* ViewControllers */,
				7BCDA50A243E08EF00E9C4B6 /* ViewModels */,
				7BD53904244B04B300AD9CB3 /* ViewStoryboards */,
				7BFECF222455A88F00F5096C /* GoogleService-Info.plist */,
				7BCDA4E1243DF94100E9C4B6 /* SceneDelegate.swift */,
			);
			path = PoloTravel;
			sourceTree = "<group>";
		};
		7BCDA4F5243DF94300E9C4B6 /* PoloTravelTests */ = {
			isa = PBXGroup;
			children = (
				7BCDA4F6243DF94300E9C4B6 /* PoloTravelTests.swift */,
				7BCDA4F8243DF94300E9C4B6 /* Info.plist */,
			);
			path = PoloTravelTests;
			sourceTree = "<group>";
		};
		7BCDA508243E08DB00E9C4B6 /* Extensions */ = {
			isa = PBXGroup;
			children = (
				7B4F4F3A2451A393000CFB75 /* ImageExtension.swift */,
			);
			path = Extensions;
			sourceTree = "<group>";
		};
		7BCDA509243E08E500E9C4B6 /* Protocols */ = {
			isa = PBXGroup;
			children = (
			);
			path = Protocols;
			sourceTree = "<group>";
		};
		7BCDA50A243E08EF00E9C4B6 /* ViewModels */ = {
			isa = PBXGroup;
			children = (
			);
			path = ViewModels;
			sourceTree = "<group>";
		};
		7BCDA50B243E08F800E9C4B6 /* ViewControllers */ = {
			isa = PBXGroup;
			children = (
				7B3B45B9244BA55000CD00D4 /* MainViewControllers */,
				7BD538F42449F45F00AD9CB3 /* OnBoardingViewControllers */,
				7BD53903244B009100AD9CB3 /* SignViewControllers */,
				7BD5390A244B1F7100AD9CB3 /* TravelCreationViewControllers */,
				7BCDA4E3243DF94100E9C4B6 /* ViewController.swift */,
			);
			path = ViewControllers;
			sourceTree = "<group>";
		};
		7BCDA50C243E090600E9C4B6 /* SupportingFiles */ = {
			isa = PBXGroup;
			children = (
				7BCDA4EA243DF94300E9C4B6 /* LaunchScreen.storyboard */,
				7BCDA4ED243DF94300E9C4B6 /* Info.plist */,
				7BCDA4DF243DF94100E9C4B6 /* AppDelegate.swift */,
				7BCDA4E8243DF94300E9C4B6 /* Assets.xcassets */,
			);
			path = SupportingFiles;
			sourceTree = "<group>";
		};
		7BD538DF2449C18C00AD9CB3 /* UIFiles */ = {
			isa = PBXGroup;
			children = (
				7BD538E52449D40A00AD9CB3 /* Fonts */,
				7BD538E22449C1AD00AD9CB3 /* Constants */,
				7BD538E02449C19E00AD9CB3 /* Components */,
			);
			path = UIFiles;
			sourceTree = "<group>";
		};
		7BD538E02449C19E00AD9CB3 /* Components */ = {
			isa = PBXGroup;
			children = (
				0F8CD5602453879E00DB2DAC /* Blocks */,
				7BD538E12449C1A400AD9CB3 /* Buttons */,
			);
			path = Components;
			sourceTree = "<group>";
		};
		7BD538E12449C1A400AD9CB3 /* Buttons */ = {
			isa = PBXGroup;
			children = (
				7BFECF1E2455A65400F5096C /* BasicButton.swift */,
			);
			path = Buttons;
			sourceTree = "<group>";
		};
		7BD538E22449C1AD00AD9CB3 /* Constants */ = {
			isa = PBXGroup;
			children = (
				7BD538DC2449BB0F00AD9CB3 /* ColorConstants.swift */,
			);
			path = Constants;
			sourceTree = "<group>";
		};
		7BD538E52449D40A00AD9CB3 /* Fonts */ = {
			isa = PBXGroup;
			children = (
				7BD538ED2449E9AA00AD9CB3 /* Gilroy-Bold.ttf */,
				7BD538EC2449E9AA00AD9CB3 /* Gilroy-Medium.ttf */,
			);
			path = Fonts;
			sourceTree = "<group>";
		};
		7BD538F42449F45F00AD9CB3 /* OnBoardingViewControllers */ = {
			isa = PBXGroup;
			children = (
				7BD538F52449F48A00AD9CB3 /* OnBoarding1ViewController.swift */,
				7BD538F72449F4A600AD9CB3 /* OnBoarding2ViewController.swift */,
				7BD538F92449F4B100AD9CB3 /* OnBoarding3ViewController..swift */,
				7BD538FB2449F4BB00AD9CB3 /* OnBoarding4ViewController..swift */,
				7BD538FD2449F4C900AD9CB3 /* OnBoarding5ViewController..swift */,
				7BFECF242456CFE800F5096C /* OnBoardingPageViewController.swift */,
				7BFECF2A2456E23300F5096C /* OnBoardingMainViewController.swift */,
			);
			path = OnBoardingViewControllers;
			sourceTree = "<group>";
		};
		7BD53903244B009100AD9CB3 /* SignViewControllers */ = {
			isa = PBXGroup;
			children = (
				7BD538F22449ED3B00AD9CB3 /* SignUpViewController.swift */,
				7BD53901244B008700AD9CB3 /* SignInViewController.swift */,
			);
			path = SignViewControllers;
			sourceTree = "<group>";
		};
		7BD53904244B04B300AD9CB3 /* ViewStoryboards */ = {
			isa = PBXGroup;
			children = (
				7B3B45D2244C55EC00CD00D4 /* MainStoryboards */,
				7BD53906244B059200AD9CB3 /* OnBoarding.storyboard */,
				0F1B4D90245C485400CF759D /* SignIn.storyboard */,
				7BD53908244B1F4900AD9CB3 /* TravelCreation.storyboard */,
			);
			path = ViewStoryboards;
			sourceTree = "<group>";
		};
		7BD5390A244B1F7100AD9CB3 /* TravelCreationViewControllers */ = {
			isa = PBXGroup;
			children = (
				7BD5390B244B1FC300AD9CB3 /* TravelCreation1ViewController.swift */,
				0FE90B1D2456E3BA00E6D51C /* Step1TravelCreationViewController.swift */,
			);
			path = TravelCreationViewControllers;
			sourceTree = "<group>";
		};
/* End PBXGroup section */

/* Begin PBXNativeTarget section */
		7BCDA4DB243DF94100E9C4B6 /* PoloTravel */ = {
			isa = PBXNativeTarget;
			buildConfigurationList = 7BCDA4FB243DF94300E9C4B6 /* Build configuration list for PBXNativeTarget "PoloTravel" */;
			buildPhases = (
				6F58016A33CD658FB97F949F /* [CP] Check Pods Manifest.lock */,
				7BCDA4D8243DF94100E9C4B6 /* Sources */,
				7BCDA4D9243DF94100E9C4B6 /* Frameworks */,
				7BCDA4DA243DF94100E9C4B6 /* Resources */,
				D4643A5C6ADA75BF1FCD8F54 /* [CP] Embed Pods Frameworks */,
			);
			buildRules = (
			);
			dependencies = (
			);
			name = PoloTravel;
			productName = PoloTravel;
			productReference = 7BCDA4DC243DF94100E9C4B6 /* PoloTravel.app */;
			productType = "com.apple.product-type.application";
		};
		7BCDA4F1243DF94300E9C4B6 /* PoloTravelTests */ = {
			isa = PBXNativeTarget;
			buildConfigurationList = 7BCDA4FE243DF94300E9C4B6 /* Build configuration list for PBXNativeTarget "PoloTravelTests" */;
			buildPhases = (
				DE93087C9494022E5BC2969C /* [CP] Check Pods Manifest.lock */,
				7BCDA4EE243DF94300E9C4B6 /* Sources */,
				7BCDA4EF243DF94300E9C4B6 /* Frameworks */,
				7BCDA4F0243DF94300E9C4B6 /* Resources */,
			);
			buildRules = (
			);
			dependencies = (
				7BCDA4F4243DF94300E9C4B6 /* PBXTargetDependency */,
			);
			name = PoloTravelTests;
			productName = PoloTravelTests;
			productReference = 7BCDA4F2243DF94300E9C4B6 /* PoloTravelTests.xctest */;
			productType = "com.apple.product-type.bundle.unit-test";
		};
/* End PBXNativeTarget section */

/* Begin PBXProject section */
		7BCDA4D4243DF94100E9C4B6 /* Project object */ = {
			isa = PBXProject;
			attributes = {
				LastSwiftUpdateCheck = 1130;
				LastUpgradeCheck = 1130;
				ORGANIZATIONNAME = PoloTeam;
				TargetAttributes = {
					7BCDA4DB243DF94100E9C4B6 = {
						CreatedOnToolsVersion = 11.3.1;
					};
					7BCDA4F1243DF94300E9C4B6 = {
						CreatedOnToolsVersion = 11.3.1;
						TestTargetID = 7BCDA4DB243DF94100E9C4B6;
					};
				};
			};
			buildConfigurationList = 7BCDA4D7243DF94100E9C4B6 /* Build configuration list for PBXProject "PoloTravel" */;
			compatibilityVersion = "Xcode 9.3";
			developmentRegion = en;
			hasScannedForEncodings = 0;
			knownRegions = (
				en,
				Base,
			);
			mainGroup = 7BCDA4D3243DF94100E9C4B6;
			productRefGroup = 7BCDA4DD243DF94100E9C4B6 /* Products */;
			projectDirPath = "";
			projectRoot = "";
			targets = (
				7BCDA4DB243DF94100E9C4B6 /* PoloTravel */,
				7BCDA4F1243DF94300E9C4B6 /* PoloTravelTests */,
			);
		};
/* End PBXProject section */

/* Begin PBXResourcesBuildPhase section */
		7BCDA4DA243DF94100E9C4B6 /* Resources */ = {
			isa = PBXResourcesBuildPhase;
			buildActionMask = 2147483647;
			files = (
				7BCDA4EC243DF94300E9C4B6 /* LaunchScreen.storyboard in Resources */,
				7BCDA4E9243DF94300E9C4B6 /* Assets.xcassets in Resources */,
				7BD538EE2449E9AA00AD9CB3 /* Gilroy-Medium.ttf in Resources */,
				7B3B45D1244C551500CD00D4 /* Main.storyboard in Resources */,
				7B3B45CD244C502A00CD00D4 /* Polowers.storyboard in Resources */,
				0F1B4D91245C485400CF759D /* SignIn.storyboard in Resources */,
				7BD53909244B1F4900AD9CB3 /* TravelCreation.storyboard in Resources */,
				7B3B45CF244C503900CD00D4 /* Travels.storyboard in Resources */,
				7BD538EF2449E9AA00AD9CB3 /* Gilroy-Bold.ttf in Resources */,
				7BD53907244B059200AD9CB3 /* OnBoarding.storyboard in Resources */,
				7B3B45CB244C4E7700CD00D4 /* Profile.storyboard in Resources */,
				7BFECF232455A88F00F5096C /* GoogleService-Info.plist in Resources */,
			);
			runOnlyForDeploymentPostprocessing = 0;
		};
		7BCDA4F0243DF94300E9C4B6 /* Resources */ = {
			isa = PBXResourcesBuildPhase;
			buildActionMask = 2147483647;
			files = (
			);
			runOnlyForDeploymentPostprocessing = 0;
		};
/* End PBXResourcesBuildPhase section */

/* Begin PBXShellScriptBuildPhase section */
		6F58016A33CD658FB97F949F /* [CP] Check Pods Manifest.lock */ = {
			isa = PBXShellScriptBuildPhase;
			buildActionMask = 2147483647;
			files = (
			);
			inputFileListPaths = (
			);
			inputPaths = (
				"${PODS_PODFILE_DIR_PATH}/Podfile.lock",
				"${PODS_ROOT}/Manifest.lock",
			);
			name = "[CP] Check Pods Manifest.lock";
			outputFileListPaths = (
			);
			outputPaths = (
				"$(DERIVED_FILE_DIR)/Pods-PoloTravel-checkManifestLockResult.txt",
			);
			runOnlyForDeploymentPostprocessing = 0;
			shellPath = /bin/sh;
			shellScript = "diff \"${PODS_PODFILE_DIR_PATH}/Podfile.lock\" \"${PODS_ROOT}/Manifest.lock\" > /dev/null\nif [ $? != 0 ] ; then\n    # print error to STDERR\n    echo \"error: The sandbox is not in sync with the Podfile.lock. Run 'pod install' or update your CocoaPods installation.\" >&2\n    exit 1\nfi\n# This output is used by Xcode 'outputs' to avoid re-running this script phase.\necho \"SUCCESS\" > \"${SCRIPT_OUTPUT_FILE_0}\"\n";
			showEnvVarsInLog = 0;
		};
		D4643A5C6ADA75BF1FCD8F54 /* [CP] Embed Pods Frameworks */ = {
			isa = PBXShellScriptBuildPhase;
			buildActionMask = 2147483647;
			files = (
			);
			inputFileListPaths = (
				"${PODS_ROOT}/Target Support Files/Pods-PoloTravel/Pods-PoloTravel-frameworks-${CONFIGURATION}-input-files.xcfilelist",
			);
			name = "[CP] Embed Pods Frameworks";
			outputFileListPaths = (
				"${PODS_ROOT}/Target Support Files/Pods-PoloTravel/Pods-PoloTravel-frameworks-${CONFIGURATION}-output-files.xcfilelist",
			);
			runOnlyForDeploymentPostprocessing = 0;
			shellPath = /bin/sh;
			shellScript = "\"${PODS_ROOT}/Target Support Files/Pods-PoloTravel/Pods-PoloTravel-frameworks.sh\"\n";
			showEnvVarsInLog = 0;
		};
		DE93087C9494022E5BC2969C /* [CP] Check Pods Manifest.lock */ = {
			isa = PBXShellScriptBuildPhase;
			buildActionMask = 2147483647;
			files = (
			);
			inputFileListPaths = (
			);
			inputPaths = (
				"${PODS_PODFILE_DIR_PATH}/Podfile.lock",
				"${PODS_ROOT}/Manifest.lock",
			);
			name = "[CP] Check Pods Manifest.lock";
			outputFileListPaths = (
			);
			outputPaths = (
				"$(DERIVED_FILE_DIR)/Pods-PoloTravelTests-checkManifestLockResult.txt",
			);
			runOnlyForDeploymentPostprocessing = 0;
			shellPath = /bin/sh;
			shellScript = "diff \"${PODS_PODFILE_DIR_PATH}/Podfile.lock\" \"${PODS_ROOT}/Manifest.lock\" > /dev/null\nif [ $? != 0 ] ; then\n    # print error to STDERR\n    echo \"error: The sandbox is not in sync with the Podfile.lock. Run 'pod install' or update your CocoaPods installation.\" >&2\n    exit 1\nfi\n# This output is used by Xcode 'outputs' to avoid re-running this script phase.\necho \"SUCCESS\" > \"${SCRIPT_OUTPUT_FILE_0}\"\n";
			showEnvVarsInLog = 0;
		};
/* End PBXShellScriptBuildPhase section */

/* Begin PBXSourcesBuildPhase section */
		7BCDA4D8243DF94100E9C4B6 /* Sources */ = {
			isa = PBXSourcesBuildPhase;
			buildActionMask = 2147483647;
			files = (
				7B4990EE245C08D80095EA20 /* User.swift in Sources */,
				7BD53902244B008700AD9CB3 /* SignInViewController.swift in Sources */,
				7B3B45C2244BA94300CD00D4 /* TravelsViewController.swift in Sources */,
				7B4F4F3524518A18000CFB75 /* PolowersCollectionViewCell.swift in Sources */,
				0FE90B1E2456E3BA00E6D51C /* Step1TravelCreationViewController.swift in Sources */,
				0F8CD562245387D200DB2DAC /* TextBlock.swift in Sources */,
				7BD5390C244B1FC300AD9CB3 /* TravelCreation1ViewController.swift in Sources */,
				7B3B45D4244C598800CD00D4 /* PolowersAddPhotoViewController.swift in Sources */,
				7B3B45DF244D75E600CD00D4 /* AuthentificationService.swift in Sources */,
				7B167694245309A1008A464B /* PolowersImagesService.swift in Sources */,
				7BCDA4E4243DF94100E9C4B6 /* ViewController.swift in Sources */,
				7BD538FC2449F4BB00AD9CB3 /* OnBoarding4ViewController..swift in Sources */,
				7B4F4F3824518F42000CFB75 /* Photo.swift in Sources */,
				7BFECF252456CFE800F5096C /* OnBoardingPageViewController.swift in Sources */,
				7B3B45BE244BA7E900CD00D4 /* ProfileViewController.swift in Sources */,
				7BD538FA2449F4B100AD9CB3 /* OnBoarding3ViewController..swift in Sources */,
				7BCDA4E0243DF94100E9C4B6 /* AppDelegate.swift in Sources */,
				7BD538F82449F4A600AD9CB3 /* OnBoarding2ViewController.swift in Sources */,
				7B4F4F3B2451A393000CFB75 /* ImageExtension.swift in Sources */,
				7BD538DD2449BB0F00AD9CB3 /* ColorConstants.swift in Sources */,
				7BD538F32449ED3B00AD9CB3 /* SignUpViewController.swift in Sources */,
				7B3B45C4244BA95800CD00D4 /* PolowersViewController.swift in Sources */,
				7BFECF2B2456E23300F5096C /* OnBoardingMainViewController.swift in Sources */,
				7B3B45DA244C5C8200CD00D4 /* TravelsNextTravelViewController.swift in Sources */,
				7BD538FE2449F4C900AD9CB3 /* OnBoarding5ViewController..swift in Sources */,
				7BFECF1F2455A65400F5096C /* BasicButton.swift in Sources */,
				7BD538F62449F48A00AD9CB3 /* OnBoarding1ViewController.swift in Sources */,
				7B3B45D8244C5BE700CD00D4 /* ProfileTravelHistoryViewController.swift in Sources */,
				7B4990F0245C5F860095EA20 /* PolowersFeedService.swift in Sources */,
				7B3B45D6244C59B000CD00D4 /* PolowersAddActivity.swift in Sources */,
				7BCDA4E2243DF94100E9C4B6 /* SceneDelegate.swift in Sources */,
			);
			runOnlyForDeploymentPostprocessing = 0;
		};
		7BCDA4EE243DF94300E9C4B6 /* Sources */ = {
			isa = PBXSourcesBuildPhase;
			buildActionMask = 2147483647;
			files = (
				7BCDA4F7243DF94300E9C4B6 /* PoloTravelTests.swift in Sources */,
			);
			runOnlyForDeploymentPostprocessing = 0;
		};
/* End PBXSourcesBuildPhase section */

/* Begin PBXTargetDependency section */
		7BCDA4F4243DF94300E9C4B6 /* PBXTargetDependency */ = {
			isa = PBXTargetDependency;
			target = 7BCDA4DB243DF94100E9C4B6 /* PoloTravel */;
			targetProxy = 7BCDA4F3243DF94300E9C4B6 /* PBXContainerItemProxy */;
		};
/* End PBXTargetDependency section */

/* Begin PBXVariantGroup section */
		7BCDA4EA243DF94300E9C4B6 /* LaunchScreen.storyboard */ = {
			isa = PBXVariantGroup;
			children = (
				7BCDA4EB243DF94300E9C4B6 /* Base */,
			);
			name = LaunchScreen.storyboard;
			sourceTree = "<group>";
		};
/* End PBXVariantGroup section */

/* Begin XCBuildConfiguration section */
		7BCDA4F9243DF94300E9C4B6 /* Debug */ = {
			isa = XCBuildConfiguration;
			buildSettings = {
				ALWAYS_SEARCH_USER_PATHS = NO;
				CLANG_ANALYZER_NONNULL = YES;
				CLANG_ANALYZER_NUMBER_OBJECT_CONVERSION = YES_AGGRESSIVE;
				CLANG_CXX_LANGUAGE_STANDARD = "gnu++14";
				CLANG_CXX_LIBRARY = "libc++";
				CLANG_ENABLE_MODULES = YES;
				CLANG_ENABLE_OBJC_ARC = YES;
				CLANG_ENABLE_OBJC_WEAK = YES;
				CLANG_WARN_BLOCK_CAPTURE_AUTORELEASING = YES;
				CLANG_WARN_BOOL_CONVERSION = YES;
				CLANG_WARN_COMMA = YES;
				CLANG_WARN_CONSTANT_CONVERSION = YES;
				CLANG_WARN_DEPRECATED_OBJC_IMPLEMENTATIONS = YES;
				CLANG_WARN_DIRECT_OBJC_ISA_USAGE = YES_ERROR;
				CLANG_WARN_DOCUMENTATION_COMMENTS = YES;
				CLANG_WARN_EMPTY_BODY = YES;
				CLANG_WARN_ENUM_CONVERSION = YES;
				CLANG_WARN_INFINITE_RECURSION = YES;
				CLANG_WARN_INT_CONVERSION = YES;
				CLANG_WARN_NON_LITERAL_NULL_CONVERSION = YES;
				CLANG_WARN_OBJC_IMPLICIT_RETAIN_SELF = YES;
				CLANG_WARN_OBJC_LITERAL_CONVERSION = YES;
				CLANG_WARN_OBJC_ROOT_CLASS = YES_ERROR;
				CLANG_WARN_RANGE_LOOP_ANALYSIS = YES;
				CLANG_WARN_STRICT_PROTOTYPES = YES;
				CLANG_WARN_SUSPICIOUS_MOVE = YES;
				CLANG_WARN_UNGUARDED_AVAILABILITY = YES_AGGRESSIVE;
				CLANG_WARN_UNREACHABLE_CODE = YES;
				CLANG_WARN__DUPLICATE_METHOD_MATCH = YES;
				COPY_PHASE_STRIP = NO;
				DEBUG_INFORMATION_FORMAT = dwarf;
				ENABLE_STRICT_OBJC_MSGSEND = YES;
				ENABLE_TESTABILITY = YES;
				GCC_C_LANGUAGE_STANDARD = gnu11;
				GCC_DYNAMIC_NO_PIC = NO;
				GCC_NO_COMMON_BLOCKS = YES;
				GCC_OPTIMIZATION_LEVEL = 0;
				GCC_PREPROCESSOR_DEFINITIONS = (
					"DEBUG=1",
					"$(inherited)",
				);
				GCC_WARN_64_TO_32_BIT_CONVERSION = YES;
				GCC_WARN_ABOUT_RETURN_TYPE = YES_ERROR;
				GCC_WARN_UNDECLARED_SELECTOR = YES;
				GCC_WARN_UNINITIALIZED_AUTOS = YES_AGGRESSIVE;
				GCC_WARN_UNUSED_FUNCTION = YES;
				GCC_WARN_UNUSED_VARIABLE = YES;
				IPHONEOS_DEPLOYMENT_TARGET = 13.2;
				MTL_ENABLE_DEBUG_INFO = INCLUDE_SOURCE;
				MTL_FAST_MATH = YES;
				ONLY_ACTIVE_ARCH = YES;
				SDKROOT = iphoneos;
				SWIFT_ACTIVE_COMPILATION_CONDITIONS = DEBUG;
				SWIFT_OPTIMIZATION_LEVEL = "-Onone";
			};
			name = Debug;
		};
		7BCDA4FA243DF94300E9C4B6 /* Release */ = {
			isa = XCBuildConfiguration;
			buildSettings = {
				ALWAYS_SEARCH_USER_PATHS = NO;
				CLANG_ANALYZER_NONNULL = YES;
				CLANG_ANALYZER_NUMBER_OBJECT_CONVERSION = YES_AGGRESSIVE;
				CLANG_CXX_LANGUAGE_STANDARD = "gnu++14";
				CLANG_CXX_LIBRARY = "libc++";
				CLANG_ENABLE_MODULES = YES;
				CLANG_ENABLE_OBJC_ARC = YES;
				CLANG_ENABLE_OBJC_WEAK = YES;
				CLANG_WARN_BLOCK_CAPTURE_AUTORELEASING = YES;
				CLANG_WARN_BOOL_CONVERSION = YES;
				CLANG_WARN_COMMA = YES;
				CLANG_WARN_CONSTANT_CONVERSION = YES;
				CLANG_WARN_DEPRECATED_OBJC_IMPLEMENTATIONS = YES;
				CLANG_WARN_DIRECT_OBJC_ISA_USAGE = YES_ERROR;
				CLANG_WARN_DOCUMENTATION_COMMENTS = YES;
				CLANG_WARN_EMPTY_BODY = YES;
				CLANG_WARN_ENUM_CONVERSION = YES;
				CLANG_WARN_INFINITE_RECURSION = YES;
				CLANG_WARN_INT_CONVERSION = YES;
				CLANG_WARN_NON_LITERAL_NULL_CONVERSION = YES;
				CLANG_WARN_OBJC_IMPLICIT_RETAIN_SELF = YES;
				CLANG_WARN_OBJC_LITERAL_CONVERSION = YES;
				CLANG_WARN_OBJC_ROOT_CLASS = YES_ERROR;
				CLANG_WARN_RANGE_LOOP_ANALYSIS = YES;
				CLANG_WARN_STRICT_PROTOTYPES = YES;
				CLANG_WARN_SUSPICIOUS_MOVE = YES;
				CLANG_WARN_UNGUARDED_AVAILABILITY = YES_AGGRESSIVE;
				CLANG_WARN_UNREACHABLE_CODE = YES;
				CLANG_WARN__DUPLICATE_METHOD_MATCH = YES;
				COPY_PHASE_STRIP = NO;
				DEBUG_INFORMATION_FORMAT = "dwarf-with-dsym";
				ENABLE_NS_ASSERTIONS = NO;
				ENABLE_STRICT_OBJC_MSGSEND = YES;
				GCC_C_LANGUAGE_STANDARD = gnu11;
				GCC_NO_COMMON_BLOCKS = YES;
				GCC_WARN_64_TO_32_BIT_CONVERSION = YES;
				GCC_WARN_ABOUT_RETURN_TYPE = YES_ERROR;
				GCC_WARN_UNDECLARED_SELECTOR = YES;
				GCC_WARN_UNINITIALIZED_AUTOS = YES_AGGRESSIVE;
				GCC_WARN_UNUSED_FUNCTION = YES;
				GCC_WARN_UNUSED_VARIABLE = YES;
				IPHONEOS_DEPLOYMENT_TARGET = 13.2;
				MTL_ENABLE_DEBUG_INFO = NO;
				MTL_FAST_MATH = YES;
				SDKROOT = iphoneos;
				SWIFT_COMPILATION_MODE = wholemodule;
				SWIFT_OPTIMIZATION_LEVEL = "-O";
				VALIDATE_PRODUCT = YES;
			};
			name = Release;
		};
		7BCDA4FC243DF94300E9C4B6 /* Debug */ = {
			isa = XCBuildConfiguration;
			baseConfigurationReference = D9C97D5B5D545292F277E973 /* Pods-PoloTravel.debug.xcconfig */;
			buildSettings = {
				ASSETCATALOG_COMPILER_APPICON_NAME = AppIcon;
				CODE_SIGN_STYLE = Automatic;
				DEVELOPMENT_TEAM = L62MC7T8XG;
				INFOPLIST_FILE = PoloTravel/SupportingFiles/Info.plist;
				LD_RUNPATH_SEARCH_PATHS = (
					"$(inherited)",
					"@executable_path/Frameworks",
				);
				PRODUCT_BUNDLE_IDENTIFIER = com.bddi.PoloVoyages;
				PRODUCT_NAME = "$(TARGET_NAME)";
				SWIFT_VERSION = 5.0;
				TARGETED_DEVICE_FAMILY = "1,2";
			};
			name = Debug;
		};
		7BCDA4FD243DF94300E9C4B6 /* Release */ = {
			isa = XCBuildConfiguration;
			baseConfigurationReference = BC401F2D41B8D63FD49CC572 /* Pods-PoloTravel.release.xcconfig */;
			buildSettings = {
				ASSETCATALOG_COMPILER_APPICON_NAME = AppIcon;
				CODE_SIGN_STYLE = Automatic;
				DEVELOPMENT_TEAM = L62MC7T8XG;
				INFOPLIST_FILE = PoloTravel/SupportingFiles/Info.plist;
				LD_RUNPATH_SEARCH_PATHS = (
					"$(inherited)",
					"@executable_path/Frameworks",
				);
				PRODUCT_BUNDLE_IDENTIFIER = com.bddi.PoloVoyages;
				PRODUCT_NAME = "$(TARGET_NAME)";
				SWIFT_VERSION = 5.0;
				TARGETED_DEVICE_FAMILY = "1,2";
			};
			name = Release;
		};
		7BCDA4FF243DF94300E9C4B6 /* Debug */ = {
			isa = XCBuildConfiguration;
			baseConfigurationReference = 580F27B421CCFE465C3FC5B3 /* Pods-PoloTravelTests.debug.xcconfig */;
			buildSettings = {
				ALWAYS_EMBED_SWIFT_STANDARD_LIBRARIES = YES;
				BUNDLE_LOADER = "$(TEST_HOST)";
				CODE_SIGN_STYLE = Automatic;
				DEVELOPMENT_TEAM = L62MC7T8XG;
				INFOPLIST_FILE = PoloTravelTests/Info.plist;
				IPHONEOS_DEPLOYMENT_TARGET = 13.2;
				LD_RUNPATH_SEARCH_PATHS = (
					"$(inherited)",
					"@executable_path/Frameworks",
					"@loader_path/Frameworks",
				);
				PRODUCT_BUNDLE_IDENTIFIER = com.bddi.PoloTravelTests;
				PRODUCT_NAME = "$(TARGET_NAME)";
				SWIFT_VERSION = 5.0;
				TARGETED_DEVICE_FAMILY = "1,2";
				TEST_HOST = "$(BUILT_PRODUCTS_DIR)/PoloTravel.app/PoloTravel";
			};
			name = Debug;
		};
		7BCDA500243DF94300E9C4B6 /* Release */ = {
			isa = XCBuildConfiguration;
			baseConfigurationReference = FB0E3DB6CC32C7391168F535 /* Pods-PoloTravelTests.release.xcconfig */;
			buildSettings = {
				ALWAYS_EMBED_SWIFT_STANDARD_LIBRARIES = YES;
				BUNDLE_LOADER = "$(TEST_HOST)";
				CODE_SIGN_STYLE = Automatic;
				DEVELOPMENT_TEAM = L62MC7T8XG;
				INFOPLIST_FILE = PoloTravelTests/Info.plist;
				IPHONEOS_DEPLOYMENT_TARGET = 13.2;
				LD_RUNPATH_SEARCH_PATHS = (
					"$(inherited)",
					"@executable_path/Frameworks",
					"@loader_path/Frameworks",
				);
				PRODUCT_BUNDLE_IDENTIFIER = com.bddi.PoloTravelTests;
				PRODUCT_NAME = "$(TARGET_NAME)";
				SWIFT_VERSION = 5.0;
				TARGETED_DEVICE_FAMILY = "1,2";
				TEST_HOST = "$(BUILT_PRODUCTS_DIR)/PoloTravel.app/PoloTravel";
			};
			name = Release;
		};
/* End XCBuildConfiguration section */

/* Begin XCConfigurationList section */
		7BCDA4D7243DF94100E9C4B6 /* Build configuration list for PBXProject "PoloTravel" */ = {
			isa = XCConfigurationList;
			buildConfigurations = (
				7BCDA4F9243DF94300E9C4B6 /* Debug */,
				7BCDA4FA243DF94300E9C4B6 /* Release */,
			);
			defaultConfigurationIsVisible = 0;
			defaultConfigurationName = Release;
		};
		7BCDA4FB243DF94300E9C4B6 /* Build configuration list for PBXNativeTarget "PoloTravel" */ = {
			isa = XCConfigurationList;
			buildConfigurations = (
				7BCDA4FC243DF94300E9C4B6 /* Debug */,
				7BCDA4FD243DF94300E9C4B6 /* Release */,
			);
			defaultConfigurationIsVisible = 0;
			defaultConfigurationName = Release;
		};
		7BCDA4FE243DF94300E9C4B6 /* Build configuration list for PBXNativeTarget "PoloTravelTests" */ = {
			isa = XCConfigurationList;
			buildConfigurations = (
				7BCDA4FF243DF94300E9C4B6 /* Debug */,
				7BCDA500243DF94300E9C4B6 /* Release */,
			);
			defaultConfigurationIsVisible = 0;
			defaultConfigurationName = Release;
		};
/* End XCConfigurationList section */
	};
	rootObject = 7BCDA4D4243DF94100E9C4B6 /* Project object */;
}
